
Microsoft Visual Studio Solution File, Format Version 12.00
# Visual Studio Version 17
VisualStudioVersion = 17.9.34607.119
MinimumVisualStudioVersion = 10.0.40219.1
Project("{FAE04EC0-301F-11D3-BF4B-00C04F79EFBC}") = "Ct1450_Obdelnik", "Ct1450_Obdelnik\Ct1450_Obdelnik.csproj", "{CC163C50-BD85-4A46-AD2F-B74A84E6696B}"
EndProject
Global
	GlobalSection(SolutionConfigurationPlatforms) = preSolution
		Debug|Any CPU = Debug|Any CPU
		Release|Any CPU = Release|Any CPU
	EndGlobalSection
	GlobalSection(ProjectConfigurationPlatforms) = postSolution
		{CC163C50-BD85-4A46-AD2F-B74A84E6696B}.Debug|Any CPU.ActiveCfg = Debug|Any CPU
		{CC163C50-BD85-4A46-AD2F-B74A84E6696B}.Debug|Any CPU.Build.0 = Debug|Any CPU
		{CC163C50-BD85-4A46-AD2F-B74A84E6696B}.Release|Any CPU.ActiveCfg = Release|Any CPU
		{CC163C50-BD85-4A46-AD2F-B74A84E6696B}.Release|Any CPU.Build.0 = Release|Any CPU
	EndGlobalSection
	GlobalSection(SolutionProperties) = preSolution
		HideSolutionNode = FALSE
	EndGlobalSection
	GlobalSection(ExtensibilityGlobals) = postSolution
		SolutionGuid = {08936E86-F93B-4633-8032-5FF55A6E4403}
	EndGlobalSection
EndGlobal
